
Microsoft Visual Studio Solution File, Format Version 12.00
# Visual Studio Version 17
VisualStudioVersion = 17.11.35312.102
MinimumVisualStudioVersion = 10.0.40219.1
Project("{FAE04EC0-301F-11D3-BF4B-00C04F79EFBC}") = "Oskar", "Oskar.csproj", "{B1B20C43-CF74-4545-A21E-6BC4149E886C}"
EndProject
Global
	GlobalSection(SolutionConfigurationPlatforms) = preSolution
		Debug|Any CPU = Debug|Any CPU
		Release|Any CPU = Release|Any CPU
	EndGlobalSection
	GlobalSection(ProjectConfigurationPlatforms) = postSolution
		{B1B20C43-CF74-4545-A21E-6BC4149E886C}.Debug|Any CPU.ActiveCfg = Debug|Any CPU
		{B1B20C43-CF74-4545-A21E-6BC4149E886C}.Debug|Any CPU.Build.0 = Debug|Any CPU
		{B1B20C43-CF74-4545-A21E-6BC4149E886C}.Release|Any CPU.ActiveCfg = Release|Any CPU
		{B1B20C43-CF74-4545-A21E-6BC4149E886C}.Release|Any CPU.Build.0 = Release|Any CPU
	EndGlobalSection
	GlobalSection(SolutionProperties) = preSolution
		HideSolutionNode = FALSE
	EndGlobalSection
	GlobalSection(ExtensibilityGlobals) = postSolution
		SolutionGuid = {E72B666A-BB5C-4B81-8288-80E0389EF7E5}
	EndGlobalSection
EndGlobal
